Microsoft Visual Studio Solution File, Format Version 12.00
# Visual Studio Version 17
VisualStudioVersion = 17.5.2.0
MinimumVisualStudioVersion = 10.0.40219.1
Project("{2150E333-8FDC-42A3-9474-1A3956D46DE8}") = "app", "app", "{F95F473B-E98A-ACD6-1986-755F447BE36F}"
EndProject
Project("{FAE04EC0-301F-11D3-BF4B-00C04F79EFBC}") = "SampleWebApp", "app\SampleWebApp\SampleWebApp.csproj", "{08559D39-FB00-1EB0-A285-F5675681FED5}"
EndProject
Global
	GlobalSection(SolutionConfigurationPlatforms) = preSolution
		Debug|Any CPU = Debug|Any CPU
		Release|Any CPU = Release|Any CPU
	EndGlobalSection
	GlobalSection(ProjectConfigurationPlatforms) = postSolution
		{08559D39-FB00-1EB0-A285-F5675681FED5}.Debug|Any CPU.ActiveCfg = Debug|Any CPU
		{08559D39-FB00-1EB0-A285-F5675681FED5}.Debug|Any CPU.Build.0 = Debug|Any CPU
		{08559D39-FB00-1EB0-A285-F5675681FED5}.Release|Any CPU.ActiveCfg = Release|Any CPU
		{08559D39-FB00-1EB0-A285-F5675681FED5}.Release|Any CPU.Build.0 = Release|Any CPU
	EndGlobalSection
	GlobalSection(SolutionProperties) = preSolution
		HideSolutionNode = FALSE
	EndGlobalSection
	GlobalSection(NestedProjects) = preSolution
		{08559D39-FB00-1EB0-A285-F5675681FED5} = {F95F473B-E98A-ACD6-1986-755F447BE36F}
	EndGlobalSection
	GlobalSection(ExtensibilityGlobals) = postSolution
		SolutionGuid = {42A5CDB9-2F84-4EF7-B897-91E5D7FB6BC0}
	EndGlobalSection
EndGlobal
